// !$*UTF8*$!
{
	archiveVersion = 1;
	classes = {
	};
	objectVersion = 46;
	objects = {

/* Begin PBXBuildFile section */
		13C0ED889A940D10E119FE4B /* Pods_AppPrototype.framework in Frameworks */ = {isa = PBXBuildFile; fileRef = C8D46CBBD05E56590487755C /* Pods_AppPrototype.framework */; };
		850D7D7E1E66D379007D9F78 /* TableSubView.swift in Sources */ = {isa = PBXBuildFile; fileRef = 850D7D7D1E66D379007D9F78 /* TableSubView.swift */; };
		C45121C51E70578600DF13AD /* TaskDetailViewController.swift in Sources */ = {isa = PBXBuildFile; fileRef = C45121C41E70578600DF13AD /* TaskDetailViewController.swift */; };
		C46EDE471E6E6167003FBBB6 /* TaskPointAnnotation.swift in Sources */ = {isa = PBXBuildFile; fileRef = C46EDE461E6E6167003FBBB6 /* TaskPointAnnotation.swift */; };
		C46EDE491E6EB02E003FBBB6 /* TaskContainerViewController.swift in Sources */ = {isa = PBXBuildFile; fileRef = C46EDE481E6EB02E003FBBB6 /* TaskContainerViewController.swift */; };
		C46EDE4B1E6EC71F003FBBB6 /* VideoEditViewController.swift in Sources */ = {isa = PBXBuildFile; fileRef = C46EDE4A1E6EC71F003FBBB6 /* VideoEditViewController.swift */; };
		E10A76501E5DC0DB00D9F045 /* VideoDetailViewController.swift in Sources */ = {isa = PBXBuildFile; fileRef = E10A764F1E5DC0DB00D9F045 /* VideoDetailViewController.swift */; };
		E1423DAE1E5C549A0034E5B8 /* AppDelegate.swift in Sources */ = {isa = PBXBuildFile; fileRef = E1423DAD1E5C549A0034E5B8 /* AppDelegate.swift */; };
		E1423DB21E5C549A0034E5B8 /* TaskViewController.swift in Sources */ = {isa = PBXBuildFile; fileRef = E1423DB11E5C549A0034E5B8 /* TaskViewController.swift */; };
		E1423DB51E5C549A0034E5B8 /* Main.storyboard in Resources */ = {isa = PBXBuildFile; fileRef = E1423DB31E5C549A0034E5B8 /* Main.storyboard */; };
		E1423DB71E5C549A0034E5B8 /* Assets.xcassets in Resources */ = {isa = PBXBuildFile; fileRef = E1423DB61E5C549A0034E5B8 /* Assets.xcassets */; };
		E1423DBA1E5C549A0034E5B8 /* LaunchScreen.storyboard in Resources */ = {isa = PBXBuildFile; fileRef = E1423DB81E5C549A0034E5B8 /* LaunchScreen.storyboard */; };
		E1423DC51E5C549A0034E5B8 /* AppPrototypeTests.swift in Sources */ = {isa = PBXBuildFile; fileRef = E1423DC41E5C549A0034E5B8 /* AppPrototypeTests.swift */; };
		E1423DD01E5C5D7B0034E5B8 /* HousePointAnnotaion.swift in Sources */ = {isa = PBXBuildFile; fileRef = E1423DCF1E5C5D7B0034E5B8 /* HousePointAnnotaion.swift */; };
		E1423DD21E5C5DF90034E5B8 /* HousePin.swift in Sources */ = {isa = PBXBuildFile; fileRef = E1423DD11E5C5DF90034E5B8 /* HousePin.swift */; };
		E1423DD41E5C5F710034E5B8 /* Podfile in Resources */ = {isa = PBXBuildFile; fileRef = E1423DD31E5C5F710034E5B8 /* Podfile */; };
		E1733F911E5FE6CD007FAEAA /* LocationSearchTable.swift in Sources */ = {isa = PBXBuildFile; fileRef = E1733F901E5FE6CD007FAEAA /* LocationSearchTable.swift */; };
		E1733F971E601221007FAEAA /* SearchPointAnnotation.swift in Sources */ = {isa = PBXBuildFile; fileRef = E1733F961E601221007FAEAA /* SearchPointAnnotation.swift */; };
		E1CAA6521E60699200386DB0 /* HouseViewController.swift in Sources */ = {isa = PBXBuildFile; fileRef = E1CAA6511E60699200386DB0 /* HouseViewController.swift */; };
		E1CAA6541E606A1700386DB0 /* HouseContainerViewController.swift in Sources */ = {isa = PBXBuildFile; fileRef = E1CAA6531E606A1700386DB0 /* HouseContainerViewController.swift */; };
		E1D03CF11E5C690D000FC684 /* HouseTableViewCell.swift in Sources */ = {isa = PBXBuildFile; fileRef = E1D03CF01E5C690D000FC684 /* HouseTableViewCell.swift */; };
		E1D03CF31E5C6920000FC684 /* VideoTableViewCell.swift in Sources */ = {isa = PBXBuildFile; fileRef = E1D03CF21E5C6920000FC684 /* VideoTableViewCell.swift */; };
		E1D03CF51E5C6CB2000FC684 /* House.swift in Sources */ = {isa = PBXBuildFile; fileRef = E1D03CF41E5C6CB2000FC684 /* House.swift */; };
		E1D03CF71E5C798F000FC684 /* Video.swift in Sources */ = {isa = PBXBuildFile; fileRef = E1D03CF61E5C798F000FC684 /* Video.swift */; };
		E1DBA8B61E5D6FAB003A4484 /* HouseDetailViewController.swift in Sources */ = {isa = PBXBuildFile; fileRef = E1DBA8B51E5D6FAB003A4484 /* HouseDetailViewController.swift */; };
/* End PBXBuildFile section */

/* Begin PBXContainerItemProxy section */
		E1423DC11E5C549A0034E5B8 /* PBXContainerItemProxy */ = {
			isa = PBXContainerItemProxy;
			containerPortal = E1423DA21E5C549A0034E5B8 /* Project object */;
			proxyType = 1;
			remoteGlobalIDString = E1423DA91E5C549A0034E5B8;
			remoteInfo = AppPrototype;
		};
/* End PBXContainerItemProxy section */

/* Begin PBXFileReference section */
		0FAA4168324212D7AE946522 /* Pods-AppPrototype.debug.xcconfig */ = {isa = PBXFileReference; includeInIndex = 1; lastKnownFileType = text.xcconfig; name = "Pods-AppPrototype.debug.xcconfig"; path = "Pods/Target Support Files/Pods-AppPrototype/Pods-AppPrototype.debug.xcconfig"; sourceTree = "<group>"; };
		6F0ECF85A7E4B57CD9E2556E /* Pods-AppPrototype.release.xcconfig */ = {isa = PBXFileReference; includeInIndex = 1; lastKnownFileType = text.xcconfig; name = "Pods-AppPrototype.release.xcconfig"; path = "Pods/Target Support Files/Pods-AppPrototype/Pods-AppPrototype.release.xcconfig"; sourceTree = "<group>"; };
		850D7D7D1E66D379007D9F78 /* TableSubView.swift */ = {isa = PBXFileReference; fileEncoding = 4; lastKnownFileType = sourcecode.swift; path = TableSubView.swift; sourceTree = "<group>"; };
		C45121C41E70578600DF13AD /* TaskDetailViewController.swift */ = {isa = PBXFileReference; fileEncoding = 4; lastKnownFileType = sourcecode.swift; path = TaskDetailViewController.swift; sourceTree = "<group>"; };
		C46EDE461E6E6167003FBBB6 /* TaskPointAnnotation.swift */ = {isa = PBXFileReference; fileEncoding = 4; lastKnownFileType = sourcecode.swift; path = TaskPointAnnotation.swift; sourceTree = "<group>"; };
		C46EDE481E6EB02E003FBBB6 /* TaskContainerViewController.swift */ = {isa = PBXFileReference; fileEncoding = 4; lastKnownFileType = sourcecode.swift; path = TaskContainerViewController.swift; sourceTree = "<group>"; };
		C46EDE4A1E6EC71F003FBBB6 /* VideoEditViewController.swift */ = {isa = PBXFileReference; fileEncoding = 4; lastKnownFileType = sourcecode.swift; path = VideoEditViewController.swift; sourceTree = "<group>"; };
		C8D46CBBD05E56590487755C /* Pods_AppPrototype.framework */ = {isa = PBXFileReference; explicitFileType = wrapper.framework; includeInIndex = 0; path = Pods_AppPrototype.framework; sourceTree = BUILT_PRODUCTS_DIR; };
		E10A764F1E5DC0DB00D9F045 /* VideoDetailViewController.swift */ = {isa = PBXFileReference; fileEncoding = 4; lastKnownFileType = sourcecode.swift; path = VideoDetailViewController.swift; sourceTree = "<group>"; };
		E1423DAA1E5C549A0034E5B8 /* AppPrototype.app */ = {isa = PBXFileReference; explicitFileType = wrapper.application; includeInIndex = 0; path = AppPrototype.app; sourceTree = BUILT_PRODUCTS_DIR; };
		E1423DAD1E5C549A0034E5B8 /* AppDelegate.swift */ = {isa = PBXFileReference; lastKnownFileType = sourcecode.swift; path = AppDelegate.swift; sourceTree = "<group>"; };
		E1423DB11E5C549A0034E5B8 /* TaskViewController.swift */ = {isa = PBXFileReference; lastKnownFileType = sourcecode.swift; path = TaskViewController.swift; sourceTree = "<group>"; };
		E1423DB41E5C549A0034E5B8 /* Base */ = {isa = PBXFileReference; lastKnownFileType = file.storyboard; name = Base; path = Base.lproj/Main.storyboard; sourceTree = "<group>"; };
		E1423DB61E5C549A0034E5B8 /* Assets.xcassets */ = {isa = PBXFileReference; lastKnownFileType = folder.assetcatalog; path = Assets.xcassets; sourceTree = "<group>"; };
		E1423DB91E5C549A0034E5B8 /* Base */ = {isa = PBXFileReference; lastKnownFileType = file.storyboard; name = Base; path = Base.lproj/LaunchScreen.storyboard; sourceTree = "<group>"; };
		E1423DBB1E5C549A0034E5B8 /* Info.plist */ = {isa = PBXFileReference; lastKnownFileType = text.plist.xml; path = Info.plist; sourceTree = "<group>"; };
		E1423DC01E5C549A0034E5B8 /* AppPrototypeTests.xctest */ = {isa = PBXFileReference; explicitFileType = wrapper.cfbundle; includeInIndex = 0; path = AppPrototypeTests.xctest; sourceTree = BUILT_PRODUCTS_DIR; };
		E1423DC41E5C549A0034E5B8 /* AppPrototypeTests.swift */ = {isa = PBXFileReference; lastKnownFileType = sourcecode.swift; path = AppPrototypeTests.swift; sourceTree = "<group>"; };
		E1423DC61E5C549A0034E5B8 /* Info.plist */ = {isa = PBXFileReference; lastKnownFileType = text.plist.xml; path = Info.plist; sourceTree = "<group>"; };
		E1423DCF1E5C5D7B0034E5B8 /* HousePointAnnotaion.swift */ = {isa = PBXFileReference; fileEncoding = 4; lastKnownFileType = sourcecode.swift; path = HousePointAnnotaion.swift; sourceTree = "<group>"; };
		E1423DD11E5C5DF90034E5B8 /* HousePin.swift */ = {isa = PBXFileReference; fileEncoding = 4; lastKnownFileType = sourcecode.swift; path = HousePin.swift; sourceTree = "<group>"; };
		E1423DD31E5C5F710034E5B8 /* Podfile */ = {isa = PBXFileReference; fileEncoding = 4; lastKnownFileType = text; path = Podfile; sourceTree = "<group>"; xcLanguageSpecificationIdentifier = xcode.lang.ruby; };
		E1733F901E5FE6CD007FAEAA /* LocationSearchTable.swift */ = {isa = PBXFileReference; fileEncoding = 4; lastKnownFileType = sourcecode.swift; path = LocationSearchTable.swift; sourceTree = "<group>"; };
		E1733F961E601221007FAEAA /* SearchPointAnnotation.swift */ = {isa = PBXFileReference; fileEncoding = 4; lastKnownFileType = sourcecode.swift; path = SearchPointAnnotation.swift; sourceTree = "<group>"; };
		E1CAA6511E60699200386DB0 /* HouseViewController.swift */ = {isa = PBXFileReference; fileEncoding = 4; lastKnownFileType = sourcecode.swift; path = HouseViewController.swift; sourceTree = "<group>"; };
		E1CAA6531E606A1700386DB0 /* HouseContainerViewController.swift */ = {isa = PBXFileReference; fileEncoding = 4; lastKnownFileType = sourcecode.swift; path = HouseContainerViewController.swift; sourceTree = "<group>"; };
		E1D03CF01E5C690D000FC684 /* HouseTableViewCell.swift */ = {isa = PBXFileReference; fileEncoding = 4; lastKnownFileType = sourcecode.swift; path = HouseTableViewCell.swift; sourceTree = "<group>"; };
		E1D03CF21E5C6920000FC684 /* VideoTableViewCell.swift */ = {isa = PBXFileReference; fileEncoding = 4; lastKnownFileType = sourcecode.swift; path = VideoTableViewCell.swift; sourceTree = "<group>"; };
		E1D03CF41E5C6CB2000FC684 /* House.swift */ = {isa = PBXFileReference; fileEncoding = 4; lastKnownFileType = sourcecode.swift; path = House.swift; sourceTree = "<group>"; };
		E1D03CF61E5C798F000FC684 /* Video.swift */ = {isa = PBXFileReference; fileEncoding = 4; lastKnownFileType = sourcecode.swift; path = Video.swift; sourceTree = "<group>"; };
		E1DBA8B51E5D6FAB003A4484 /* HouseDetailViewController.swift */ = {isa = PBXFileReference; fileEncoding = 4; lastKnownFileType = sourcecode.swift; path = HouseDetailViewController.swift; sourceTree = "<group>"; };
/* End PBXFileReference section */

/* Begin PBXFrameworksBuildPhase section */
		E1423DA71E5C549A0034E5B8 /* Frameworks */ = {
			isa = PBXFrameworksBuildPhase;
			buildActionMask = 2147483647;
			files = (
				13C0ED889A940D10E119FE4B /* Pods_AppPrototype.framework in Frameworks */,
			);
			runOnlyForDeploymentPostprocessing = 0;
		};
		E1423DBD1E5C549A0034E5B8 /* Frameworks */ = {
			isa = PBXFrameworksBuildPhase;
			buildActionMask = 2147483647;
			files = (
			);
			runOnlyForDeploymentPostprocessing = 0;
		};
/* End PBXFrameworksBuildPhase section */

/* Begin PBXGroup section */
		B2C533048993B30E65F4D111 /* Frameworks */ = {
			isa = PBXGroup;
			children = (
				C8D46CBBD05E56590487755C /* Pods_AppPrototype.framework */,
			);
			name = Frameworks;
			sourceTree = "<group>";
		};
		D3732345667A0A0F77A0533A /* Pods */ = {
			isa = PBXGroup;
			children = (
				0FAA4168324212D7AE946522 /* Pods-AppPrototype.debug.xcconfig */,
				6F0ECF85A7E4B57CD9E2556E /* Pods-AppPrototype.release.xcconfig */,
			);
			name = Pods;
			sourceTree = "<group>";
		};
		E1423DA11E5C549A0034E5B8 = {
			isa = PBXGroup;
			children = (
				E1423DD31E5C5F710034E5B8 /* Podfile */,
				E1423DAC1E5C549A0034E5B8 /* AppPrototype */,
				E1423DC31E5C549A0034E5B8 /* AppPrototypeTests */,
				E1423DAB1E5C549A0034E5B8 /* Products */,
				D3732345667A0A0F77A0533A /* Pods */,
				B2C533048993B30E65F4D111 /* Frameworks */,
			);
			sourceTree = "<group>";
		};
		E1423DAB1E5C549A0034E5B8 /* Products */ = {
			isa = PBXGroup;
			children = (
				E1423DAA1E5C549A0034E5B8 /* AppPrototype.app */,
				E1423DC01E5C549A0034E5B8 /* AppPrototypeTests.xctest */,
			);
			name = Products;
			sourceTree = "<group>";
		};
		E1423DAC1E5C549A0034E5B8 /* AppPrototype */ = {
			isa = PBXGroup;
			children = (
				E1D03CF41E5C6CB2000FC684 /* House.swift */,
				E1D03CF61E5C798F000FC684 /* Video.swift */,
				E1423DD11E5C5DF90034E5B8 /* HousePin.swift */,
				C46EDE461E6E6167003FBBB6 /* TaskPointAnnotation.swift */,
				E1423DCF1E5C5D7B0034E5B8 /* HousePointAnnotaion.swift */,
				E1733F961E601221007FAEAA /* SearchPointAnnotation.swift */,
				E1D03CF01E5C690D000FC684 /* HouseTableViewCell.swift */,
				E1D03CF21E5C6920000FC684 /* VideoTableViewCell.swift */,
				850D7D7D1E66D379007D9F78 /* TableSubView.swift */,
				E1733F901E5FE6CD007FAEAA /* LocationSearchTable.swift */,
				E1423DAD1E5C549A0034E5B8 /* AppDelegate.swift */,
				E1CAA6511E60699200386DB0 /* HouseViewController.swift */,
				E1CAA6531E606A1700386DB0 /* HouseContainerViewController.swift */,
				E1DBA8B51E5D6FAB003A4484 /* HouseDetailViewController.swift */,
				E10A764F1E5DC0DB00D9F045 /* VideoDetailViewController.swift */,
				E1423DB11E5C549A0034E5B8 /* TaskViewController.swift */,
				C46EDE481E6EB02E003FBBB6 /* TaskContainerViewController.swift */,
				C45121C41E70578600DF13AD /* TaskDetailViewController.swift */,
				C46EDE4A1E6EC71F003FBBB6 /* VideoEditViewController.swift */,
				E1423DB31E5C549A0034E5B8 /* Main.storyboard */,
				E1423DB61E5C549A0034E5B8 /* Assets.xcassets */,
				E1423DB81E5C549A0034E5B8 /* LaunchScreen.storyboard */,
				E1423DBB1E5C549A0034E5B8 /* Info.plist */,
			);
			path = AppPrototype;
			sourceTree = "<group>";
		};
		E1423DC31E5C549A0034E5B8 /* AppPrototypeTests */ = {
			isa = PBXGroup;
			children = (
				E1423DC41E5C549A0034E5B8 /* AppPrototypeTests.swift */,
				E1423DC61E5C549A0034E5B8 /* Info.plist */,
			);
			path = AppPrototypeTests;
			sourceTree = "<group>";
		};
/* End PBXGroup section */

/* Begin PBXNativeTarget section */
		E1423DA91E5C549A0034E5B8 /* AppPrototype */ = {
			isa = PBXNativeTarget;
			buildConfigurationList = E1423DC91E5C549A0034E5B8 /* Build configuration list for PBXNativeTarget "AppPrototype" */;
			buildPhases = (
				CCA47D1250B7D3F4C0339954 /* [CP] Check Pods Manifest.lock */,
				E1423DA61E5C549A0034E5B8 /* Sources */,
				E1423DA71E5C549A0034E5B8 /* Frameworks */,
				E1423DA81E5C549A0034E5B8 /* Resources */,
				F0B9E399DA51719C94CE30A2 /* [CP] Embed Pods Frameworks */,
				88DE768F6A5630A38E5B1C4A /* [CP] Copy Pods Resources */,
			);
			buildRules = (
			);
			dependencies = (
			);
			name = AppPrototype;
			productName = AppPrototype;
			productReference = E1423DAA1E5C549A0034E5B8 /* AppPrototype.app */;
			productType = "com.apple.product-type.application";
		};
		E1423DBF1E5C549A0034E5B8 /* AppPrototypeTests */ = {
			isa = PBXNativeTarget;
			buildConfigurationList = E1423DCC1E5C549A0034E5B8 /* Build configuration list for PBXNativeTarget "AppPrototypeTests" */;
			buildPhases = (
				E1423DBC1E5C549A0034E5B8 /* Sources */,
				E1423DBD1E5C549A0034E5B8 /* Frameworks */,
				E1423DBE1E5C549A0034E5B8 /* Resources */,
			);
			buildRules = (
			);
			dependencies = (
				E1423DC21E5C549A0034E5B8 /* PBXTargetDependency */,
			);
			name = AppPrototypeTests;
			productName = AppPrototypeTests;
			productReference = E1423DC01E5C549A0034E5B8 /* AppPrototypeTests.xctest */;
			productType = "com.apple.product-type.bundle.unit-test";
		};
/* End PBXNativeTarget section */

/* Begin PBXProject section */
		E1423DA21E5C549A0034E5B8 /* Project object */ = {
			isa = PBXProject;
			attributes = {
				LastSwiftUpdateCheck = 0820;
				LastUpgradeCheck = 0820;
				ORGANIZATIONNAME = soslab;
				TargetAttributes = {
					E1423DA91E5C549A0034E5B8 = {
						CreatedOnToolsVersion = 8.2.1;
						DevelopmentTeam = SK34PM56LJ;
						ProvisioningStyle = Automatic;
					};
					E1423DBF1E5C549A0034E5B8 = {
						CreatedOnToolsVersion = 8.2.1;
						ProvisioningStyle = Automatic;
						TestTargetID = E1423DA91E5C549A0034E5B8;
					};
				};
			};
			buildConfigurationList = E1423DA51E5C549A0034E5B8 /* Build configuration list for PBXProject "AppPrototype" */;
			compatibilityVersion = "Xcode 3.2";
			developmentRegion = English;
			hasScannedForEncodings = 0;
			knownRegions = (
				en,
				Base,
			);
			mainGroup = E1423DA11E5C549A0034E5B8;
			productRefGroup = E1423DAB1E5C549A0034E5B8 /* Products */;
			projectDirPath = "";
			projectRoot = "";
			targets = (
				E1423DA91E5C549A0034E5B8 /* AppPrototype */,
				E1423DBF1E5C549A0034E5B8 /* AppPrototypeTests */,
			);
		};
/* End PBXProject section */

/* Begin PBXResourcesBuildPhase section */
		E1423DA81E5C549A0034E5B8 /* Resources */ = {
			isa = PBXResourcesBuildPhase;
			buildActionMask = 2147483647;
			files = (
				E1423DBA1E5C549A0034E5B8 /* LaunchScreen.storyboard in Resources */,
				E1423DB71E5C549A0034E5B8 /* Assets.xcassets in Resources */,
				E1423DD41E5C5F710034E5B8 /* Podfile in Resources */,
				E1423DB51E5C549A0034E5B8 /* Main.storyboard in Resources */,
			);
			runOnlyForDeploymentPostprocessing = 0;
		};
		E1423DBE1E5C549A0034E5B8 /* Resources */ = {
			isa = PBXResourcesBuildPhase;
			buildActionMask = 2147483647;
			files = (
			);
			runOnlyForDeploymentPostprocessing = 0;
		};
/* End PBXResourcesBuildPhase section */

/* Begin PBXShellScriptBuildPhase section */
		88DE768F6A5630A38E5B1C4A /* [CP] Copy Pods Resources */ = {
			isa = PBXShellScriptBuildPhase;
			buildActionMask = 2147483647;
			files = (
			);
			inputPaths = (
			);
			name = "[CP] Copy Pods Resources";
			outputPaths = (
			);
			runOnlyForDeploymentPostprocessing = 0;
			shellPath = /bin/sh;
			shellScript = "\"${SRCROOT}/Pods/Target Support Files/Pods-AppPrototype/Pods-AppPrototype-resources.sh\"\n";
			showEnvVarsInLog = 0;
		};
		CCA47D1250B7D3F4C0339954 /* [CP] Check Pods Manifest.lock */ = {
			isa = PBXShellScriptBuildPhase;
			buildActionMask = 2147483647;
			files = (
			);
			inputPaths = (
			);
			name = "[CP] Check Pods Manifest.lock";
			outputPaths = (
			);
			runOnlyForDeploymentPostprocessing = 0;
			shellPath = /bin/sh;
			shellScript = "diff \"${PODS_ROOT}/../Podfile.lock\" \"${PODS_ROOT}/Manifest.lock\" > /dev/null\nif [ $? != 0 ] ; then\n    # print error to STDERR\n    echo \"error: The sandbox is not in sync with the Podfile.lock. Run 'pod install' or update your CocoaPods installation.\" >&2\n    exit 1\nfi\n";
			showEnvVarsInLog = 0;
		};
		F0B9E399DA51719C94CE30A2 /* [CP] Embed Pods Frameworks */ = {
			isa = PBXShellScriptBuildPhase;
			buildActionMask = 2147483647;
			files = (
			);
			inputPaths = (
			);
			name = "[CP] Embed Pods Frameworks";
			outputPaths = (
			);
			runOnlyForDeploymentPostprocessing = 0;
			shellPath = /bin/sh;
			shellScript = "\"${SRCROOT}/Pods/Target Support Files/Pods-AppPrototype/Pods-AppPrototype-frameworks.sh\"\n";
			showEnvVarsInLog = 0;
		};
/* End PBXShellScriptBuildPhase section */

/* Begin PBXSourcesBuildPhase section */
		E1423DA61E5C549A0034E5B8 /* Sources */ = {
			isa = PBXSourcesBuildPhase;
			buildActionMask = 2147483647;
			files = (
				E1733F911E5FE6CD007FAEAA /* LocationSearchTable.swift in Sources */,
				E1423DD21E5C5DF90034E5B8 /* HousePin.swift in Sources */,
				C46EDE471E6E6167003FBBB6 /* TaskPointAnnotation.swift in Sources */,
				E1423DD01E5C5D7B0034E5B8 /* HousePointAnnotaion.swift in Sources */,
				C45121C51E70578600DF13AD /* TaskDetailViewController.swift in Sources */,
				C46EDE491E6EB02E003FBBB6 /* TaskContainerViewController.swift in Sources */,
				E1CAA6521E60699200386DB0 /* HouseViewController.swift in Sources */,
				850D7D7E1E66D379007D9F78 /* TableSubView.swift in Sources */,
				E1423DB21E5C549A0034E5B8 /* TaskViewController.swift in Sources */,
				E1423DAE1E5C549A0034E5B8 /* AppDelegate.swift in Sources */,
				E1D03CF51E5C6CB2000FC684 /* House.swift in Sources */,
				E1D03CF31E5C6920000FC684 /* VideoTableViewCell.swift in Sources */,
				E10A76501E5DC0DB00D9F045 /* VideoDetailViewController.swift in Sources */,
				C46EDE4B1E6EC71F003FBBB6 /* VideoEditViewController.swift in Sources */,
				E1D03CF11E5C690D000FC684 /* HouseTableViewCell.swift in Sources */,
				E1D03CF71E5C798F000FC684 /* Video.swift in Sources */,
				E1DBA8B61E5D6FAB003A4484 /* HouseDetailViewController.swift in Sources */,
				E1733F971E601221007FAEAA /* SearchPointAnnotation.swift in Sources */,
				E1CAA6541E606A1700386DB0 /* HouseContainerViewController.swift in Sources */,
			);
			runOnlyForDeploymentPostprocessing = 0;
		};
		E1423DBC1E5C549A0034E5B8 /* Sources */ = {
			isa = PBXSourcesBuildPhase;
			buildActionMask = 2147483647;
			files = (
				E1423DC51E5C549A0034E5B8 /* AppPrototypeTests.swift in Sources */,
			);
			runOnlyForDeploymentPostprocessing = 0;
		};
/* End PBXSourcesBuildPhase section */

/* Begin PBXTargetDependency section */
		E1423DC21E5C549A0034E5B8 /* PBXTargetDependency */ = {
			isa = PBXTargetDependency;
			target = E1423DA91E5C549A0034E5B8 /* AppPrototype */;
			targetProxy = E1423DC11E5C549A0034E5B8 /* PBXContainerItemProxy */;
		};
/* End PBXTargetDependency section */

/* Begin PBXVariantGroup section */
		E1423DB31E5C549A0034E5B8 /* Main.storyboard */ = {
			isa = PBXVariantGroup;
			children = (
				E1423DB41E5C549A0034E5B8 /* Base */,
			);
			name = Main.storyboard;
			sourceTree = "<group>";
		};
		E1423DB81E5C549A0034E5B8 /* LaunchScreen.storyboard */ = {
			isa = PBXVariantGroup;
			children = (
				E1423DB91E5C549A0034E5B8 /* Base */,
			);
			name = LaunchScreen.storyboard;
			sourceTree = "<group>";
		};
/* End PBXVariantGroup section */

/* Begin XCBuildConfiguration section */
		E1423DC71E5C549A0034E5B8 /* Debug */ = {
			isa = XCBuildConfiguration;
			buildSettings = {
				ALWAYS_SEARCH_USER_PATHS = NO;
				CLANG_ANALYZER_NONNULL = YES;
				CLANG_CXX_LANGUAGE_STANDARD = "gnu++0x";
				CLANG_CXX_LIBRARY = "libc++";
				CLANG_ENABLE_MODULES = YES;
				CLANG_ENABLE_OBJC_ARC = YES;
				CLANG_WARN_BOOL_CONVERSION = YES;
				CLANG_WARN_CONSTANT_CONVERSION = YES;
				CLANG_WARN_DIRECT_OBJC_ISA_USAGE = YES_ERROR;
				CLANG_WARN_DOCUMENTATION_COMMENTS = YES;
				CLANG_WARN_EMPTY_BODY = YES;
				CLANG_WARN_ENUM_CONVERSION = YES;
				CLANG_WARN_INFINITE_RECURSION = YES;
				CLANG_WARN_INT_CONVERSION = YES;
				CLANG_WARN_OBJC_ROOT_CLASS = YES_ERROR;
				CLANG_WARN_SUSPICIOUS_MOVE = YES;
				CLANG_WARN_UNREACHABLE_CODE = YES;
				CLANG_WARN__DUPLICATE_METHOD_MATCH = YES;
				"CODE_SIGN_IDENTITY[sdk=iphoneos*]" = "iPhone Developer";
				COPY_PHASE_STRIP = NO;
				DEBUG_INFORMATION_FORMAT = dwarf;
				ENABLE_STRICT_OBJC_MSGSEND = YES;
				ENABLE_TESTABILITY = YES;
				GCC_C_LANGUAGE_STANDARD = gnu99;
				GCC_DYNAMIC_NO_PIC = NO;
				GCC_NO_COMMON_BLOCKS = YES;
				GCC_OPTIMIZATION_LEVEL = 0;
				GCC_PREPROCESSOR_DEFINITIONS = (
					"DEBUG=1",
					"$(inherited)",
				);
				GCC_WARN_64_TO_32_BIT_CONVERSION = YES;
				GCC_WARN_ABOUT_RETURN_TYPE = YES_ERROR;
				GCC_WARN_UNDECLARED_SELECTOR = YES;
				GCC_WARN_UNINITIALIZED_AUTOS = YES_AGGRESSIVE;
				GCC_WARN_UNUSED_FUNCTION = YES;
				GCC_WARN_UNUSED_VARIABLE = YES;
				IPHONEOS_DEPLOYMENT_TARGET = 10.2;
				MTL_ENABLE_DEBUG_INFO = YES;
				ONLY_ACTIVE_ARCH = YES;
				SDKROOT = iphoneos;
				SWIFT_ACTIVE_COMPILATION_CONDITIONS = DEBUG;
				SWIFT_OPTIMIZATION_LEVEL = "-Onone";
			};
			name = Debug;
		};
		E1423DC81E5C549A0034E5B8 /* Release */ = {
			isa = XCBuildConfiguration;
			buildSettings = {
				ALWAYS_SEARCH_USER_PATHS = NO;
				CLANG_ANALYZER_NONNULL = YES;
				CLANG_CXX_LANGUAGE_STANDARD = "gnu++0x";
				CLANG_CXX_LIBRARY = "libc++";
				CLANG_ENABLE_MODULES = YES;
				CLANG_ENABLE_OBJC_ARC = YES;
				CLANG_WARN_BOOL_CONVERSION = YES;
				CLANG_WARN_CONSTANT_CONVERSION = YES;
				CLANG_WARN_DIRECT_OBJC_ISA_USAGE = YES_ERROR;
				CLANG_WARN_DOCUMENTATION_COMMENTS = YES;
				CLANG_WARN_EMPTY_BODY = YES;
				CLANG_WARN_ENUM_CONVERSION = YES;
				CLANG_WARN_INFINITE_RECURSION = YES;
				CLANG_WARN_INT_CONVERSION = YES;
				CLANG_WARN_OBJC_ROOT_CLASS = YES_ERROR;
				CLANG_WARN_SUSPICIOUS_MOVE = YES;
				CLANG_WARN_UNREACHABLE_CODE = YES;
				CLANG_WARN__DUPLICATE_METHOD_MATCH = YES;
				"CODE_SIGN_IDENTITY[sdk=iphoneos*]" = "iPhone Developer";
				COPY_PHASE_STRIP = NO;
				DEBUG_INFORMATION_FORMAT = "dwarf-with-dsym";
				ENABLE_NS_ASSERTIONS = NO;
				ENABLE_STRICT_OBJC_MSGSEND = YES;
				GCC_C_LANGUAGE_STANDARD = gnu99;
				GCC_NO_COMMON_BLOCKS = YES;
				GCC_WARN_64_TO_32_BIT_CONVERSION = YES;
				GCC_WARN_ABOUT_RETURN_TYPE = YES_ERROR;
				GCC_WARN_UNDECLARED_SELECTOR = YES;
				GCC_WARN_UNINITIALIZED_AUTOS = YES_AGGRESSIVE;
				GCC_WARN_UNUSED_FUNCTION = YES;
				GCC_WARN_UNUSED_VARIABLE = YES;
				IPHONEOS_DEPLOYMENT_TARGET = 10.2;
				MTL_ENABLE_DEBUG_INFO = NO;
				SDKROOT = iphoneos;
				SWIFT_OPTIMIZATION_LEVEL = "-Owholemodule";
				VALIDATE_PRODUCT = YES;
			};
			name = Release;
		};
		E1423DCA1E5C549A0034E5B8 /* Debug */ = {
			isa = XCBuildConfiguration;
			baseConfigurationReference = 0FAA4168324212D7AE946522 /* Pods-AppPrototype.debug.xcconfig */;
			buildSettings = {
				ASSETCATALOG_COMPILER_APPICON_NAME = AppIcon;
				DEVELOPMENT_TEAM = SK34PM56LJ;
				INFOPLIST_FILE = AppPrototype/Info.plist;
				LD_RUNPATH_SEARCH_PATHS = "$(inherited) @executable_path/Frameworks";
				PRODUCT_BUNDLE_IDENTIFIER = com.soslab.AppPrototype;
				PRODUCT_NAME = "$(TARGET_NAME)";
				SWIFT_VERSION = 3.0;
			};
			name = Debug;
		};
		E1423DCB1E5C549A0034E5B8 /* Release */ = {
			isa = XCBuildConfiguration;
			baseConfigurationReference = 6F0ECF85A7E4B57CD9E2556E /* Pods-AppPrototype.release.xcconfig */;
			buildSettings = {
				ASSETCATALOG_COMPILER_APPICON_NAME = AppIcon;
				DEVELOPMENT_TEAM = SK34PM56LJ;
				INFOPLIST_FILE = AppPrototype/Info.plist;
				LD_RUNPATH_SEARCH_PATHS = "$(inherited) @executable_path/Frameworks";
				PRODUCT_BUNDLE_IDENTIFIER = com.soslab.AppPrototype;
				PRODUCT_NAME = "$(TARGET_NAME)";
				SWIFT_VERSION = 3.0;
			};
			name = Release;
		};
		E1423DCD1E5C549A0034E5B8 /* Debug */ = {
			isa = XCBuildConfiguration;
			buildSettings = {
				ALWAYS_EMBED_SWIFT_STANDARD_LIBRARIES = YES;
				BUNDLE_LOADER = "$(TEST_HOST)";
				INFOPLIST_FILE = AppPrototypeTests/Info.plist;
				LD_RUNPATH_SEARCH_PATHS = "$(inherited) @executable_path/Frameworks @loader_path/Frameworks";
				PRODUCT_BUNDLE_IDENTIFIER = com.soslab.AppPrototypeTests;
				PRODUCT_NAME = "$(TARGET_NAME)";
				SWIFT_VERSION = 3.0;
				TEST_HOST = "$(BUILT_PRODUCTS_DIR)/AppPrototype.app/AppPrototype";
			};
			name = Debug;
		};
		E1423DCE1E5C549A0034E5B8 /* Release */ = {
			isa = XCBuildConfiguration;
			buildSettings = {
				ALWAYS_EMBED_SWIFT_STANDARD_LIBRARIES = YES;
				BUNDLE_LOADER = "$(TEST_HOST)";
				INFOPLIST_FILE = AppPrototypeTests/Info.plist;
				LD_RUNPATH_SEARCH_PATHS = "$(inherited) @executable_path/Frameworks @loader_path/Frameworks";
				PRODUCT_BUNDLE_IDENTIFIER = com.soslab.AppPrototypeTests;
				PRODUCT_NAME = "$(TARGET_NAME)";
				SWIFT_VERSION = 3.0;
				TEST_HOST = "$(BUILT_PRODUCTS_DIR)/AppPrototype.app/AppPrototype";
			};
			name = Release;
		};
/* End XCBuildConfiguration section */

/* Begin XCConfigurationList section */
		E1423DA51E5C549A0034E5B8 /* Build configuration list for PBXProject "AppPrototype" */ = {
			isa = XCConfigurationList;
			buildConfigurations = (
				E1423DC71E5C549A0034E5B8 /* Debug */,
				E1423DC81E5C549A0034E5B8 /* Release */,
			);
			defaultConfigurationIsVisible = 0;
			defaultConfigurationName = Release;
		};
		E1423DC91E5C549A0034E5B8 /* Build configuration list for PBXNativeTarget "AppPrototype" */ = {
			isa = XCConfigurationList;
			buildConfigurations = (
				E1423DCA1E5C549A0034E5B8 /* Debug */,
				E1423DCB1E5C549A0034E5B8 /* Release */,
			);
			defaultConfigurationIsVisible = 0;
			defaultConfigurationName = Release;
		};
		E1423DCC1E5C549A0034E5B8 /* Build configuration list for PBXNativeTarget "AppPrototypeTests" */ = {
			isa = XCConfigurationList;
			buildConfigurations = (
				E1423DCD1E5C549A0034E5B8 /* Debug */,
				E1423DCE1E5C549A0034E5B8 /* Release */,
			);
			defaultConfigurationIsVisible = 0;
			defaultConfigurationName = Release;
		};
/* End XCConfigurationList section */
	};
	rootObject = E1423DA21E5C549A0034E5B8 /* Project object */;
}
